
Microsoft Visual Studio Solution File, Format Version 12.00
Project("{FAE04EC0-301F-11D3-BF4B-00C04F79EFBC}") = "Amethyst.Console", "Amethyst.Console\Amethyst.Console.csproj", "{9FA8155D-0CFE-4CA6-974F-0F8C2EC7D8D1}"
EndProject
Project("{FAE04EC0-301F-11D3-BF4B-00C04F79EFBC}") = "Amethyst.Protocol", "Amethyst.Protocol\Amethyst.Protocol.csproj", "{9E42B3E4-168C-464F-A6DA-A867CA3B967D}"
EndProject
Global
	GlobalSection(SolutionConfigurationPlatforms) = preSolution
		Debug|Any CPU = Debug|Any CPU
		Release|Any CPU = Release|Any CPU
	EndGlobalSection
	GlobalSection(ProjectConfigurationPlatforms) = postSolution
		{9FA8155D-0CFE-4CA6-974F-0F8C2EC7D8D1}.Debug|Any CPU.ActiveCfg = Debug|Any CPU
		{9FA8155D-0CFE-4CA6-974F-0F8C2EC7D8D1}.Debug|Any CPU.Build.0 = Debug|Any CPU
		{9FA8155D-0CFE-4CA6-974F-0F8C2EC7D8D1}.Release|Any CPU.ActiveCfg = Release|Any CPU
		{9FA8155D-0CFE-4CA6-974F-0F8C2EC7D8D1}.Release|Any CPU.Build.0 = Release|Any CPU
		{9E42B3E4-168C-464F-A6DA-A867CA3B967D}.Debug|Any CPU.ActiveCfg = Debug|Any CPU
		{9E42B3E4-168C-464F-A6DA-A867CA3B967D}.Debug|Any CPU.Build.0 = Debug|Any CPU
		{9E42B3E4-168C-464F-A6DA-A867CA3B967D}.Release|Any CPU.ActiveCfg = Release|Any CPU
		{9E42B3E4-168C-464F-A6DA-A867CA3B967D}.Release|Any CPU.Build.0 = Release|Any CPU
	EndGlobalSection
EndGlobal
