
Microsoft Visual Studio Solution File, Format Version 12.00
Project("{FAE04EC0-301F-11D3-BF4B-00C04F79EFBC}") = "Amethyst.Abstractions", "Amethyst.Abstractions\Amethyst.Abstractions.csproj", "{12772BBF-7410-4AF2-ABA0-8B502B994984}"
EndProject
Project("{FAE04EC0-301F-11D3-BF4B-00C04F79EFBC}") = "Amethyst", "Amethyst\Amethyst.csproj", "{4807F344-99F4-48C5-9572-58928218D74B}"
EndProject
Project("{FAE04EC0-301F-11D3-BF4B-00C04F79EFBC}") = "Amethyst.Extensions", "Amethyst.Extensions\Amethyst.Extensions.csproj", "{CFCB540E-0C74-401D-AC95-31DB1833EF6A}"
EndProject
Global
	GlobalSection(SolutionConfigurationPlatforms) = preSolution
		Debug|Any CPU = Debug|Any CPU
		Release|Any CPU = Release|Any CPU
	EndGlobalSection
	GlobalSection(ProjectConfigurationPlatforms) = postSolution
		{12772BBF-7410-4AF2-ABA0-8B502B994984}.Debug|Any CPU.ActiveCfg = Debug|Any CPU
		{12772BBF-7410-4AF2-ABA0-8B502B994984}.Debug|Any CPU.Build.0 = Debug|Any CPU
		{12772BBF-7410-4AF2-ABA0-8B502B994984}.Release|Any CPU.ActiveCfg = Release|Any CPU
		{12772BBF-7410-4AF2-ABA0-8B502B994984}.Release|Any CPU.Build.0 = Release|Any CPU
		{4807F344-99F4-48C5-9572-58928218D74B}.Debug|Any CPU.ActiveCfg = Debug|Any CPU
		{4807F344-99F4-48C5-9572-58928218D74B}.Debug|Any CPU.Build.0 = Debug|Any CPU
		{4807F344-99F4-48C5-9572-58928218D74B}.Release|Any CPU.ActiveCfg = Release|Any CPU
		{4807F344-99F4-48C5-9572-58928218D74B}.Release|Any CPU.Build.0 = Release|Any CPU
		{CFCB540E-0C74-401D-AC95-31DB1833EF6A}.Debug|Any CPU.ActiveCfg = Debug|Any CPU
		{CFCB540E-0C74-401D-AC95-31DB1833EF6A}.Debug|Any CPU.Build.0 = Debug|Any CPU
		{CFCB540E-0C74-401D-AC95-31DB1833EF6A}.Release|Any CPU.ActiveCfg = Release|Any CPU
		{CFCB540E-0C74-401D-AC95-31DB1833EF6A}.Release|Any CPU.Build.0 = Release|Any CPU
	EndGlobalSection
EndGlobal
