
Microsoft Visual Studio Solution File, Format Version 12.00
Project("{FAE04EC0-301F-11D3-BF4B-00C04F79EFBC}") = "Amethyst", "Amethyst\Amethyst.csproj", "{18FA458F-9C17-4FAF-B20D-23792FAFB2DE}"
EndProject
Project("{FAE04EC0-301F-11D3-BF4B-00C04F79EFBC}") = "Amethyst.Console", "Amethyst.Console\Amethyst.Console.csproj", "{4B11C728-876D-4BA4-ADB3-4938FD921C77}"
EndProject
Project("{FAE04EC0-301F-11D3-BF4B-00C04F79EFBC}") = "Amethyst.Api", "Amethyst.Api\Amethyst.Api.csproj", "{B8973FD1-17FB-48F4-BFD7-C82E1C339EB2}"
EndProject
Project("{FAE04EC0-301F-11D3-BF4B-00C04F79EFBC}") = "Amethyst.Plugin", "Amethyst.Plugin\Amethyst.Plugin.csproj", "{4DDCCF7A-C618-4B5E-8D09-2E0E2D8E2500}"
EndProject
Global
	GlobalSection(SolutionConfigurationPlatforms) = preSolution
		Debug|Any CPU = Debug|Any CPU
		Release|Any CPU = Release|Any CPU
	EndGlobalSection
	GlobalSection(ProjectConfigurationPlatforms) = postSolution
		{18FA458F-9C17-4FAF-B20D-23792FAFB2DE}.Debug|Any CPU.ActiveCfg = Debug|Any CPU
		{18FA458F-9C17-4FAF-B20D-23792FAFB2DE}.Debug|Any CPU.Build.0 = Debug|Any CPU
		{18FA458F-9C17-4FAF-B20D-23792FAFB2DE}.Release|Any CPU.ActiveCfg = Release|Any CPU
		{18FA458F-9C17-4FAF-B20D-23792FAFB2DE}.Release|Any CPU.Build.0 = Release|Any CPU
		{4B11C728-876D-4BA4-ADB3-4938FD921C77}.Debug|Any CPU.ActiveCfg = Debug|Any CPU
		{4B11C728-876D-4BA4-ADB3-4938FD921C77}.Debug|Any CPU.Build.0 = Debug|Any CPU
		{4B11C728-876D-4BA4-ADB3-4938FD921C77}.Release|Any CPU.ActiveCfg = Release|Any CPU
		{4B11C728-876D-4BA4-ADB3-4938FD921C77}.Release|Any CPU.Build.0 = Release|Any CPU
		{B8973FD1-17FB-48F4-BFD7-C82E1C339EB2}.Debug|Any CPU.ActiveCfg = Debug|Any CPU
		{B8973FD1-17FB-48F4-BFD7-C82E1C339EB2}.Debug|Any CPU.Build.0 = Debug|Any CPU
		{B8973FD1-17FB-48F4-BFD7-C82E1C339EB2}.Release|Any CPU.ActiveCfg = Release|Any CPU
		{B8973FD1-17FB-48F4-BFD7-C82E1C339EB2}.Release|Any CPU.Build.0 = Release|Any CPU
		{4DDCCF7A-C618-4B5E-8D09-2E0E2D8E2500}.Debug|Any CPU.ActiveCfg = Debug|Any CPU
		{4DDCCF7A-C618-4B5E-8D09-2E0E2D8E2500}.Debug|Any CPU.Build.0 = Debug|Any CPU
		{4DDCCF7A-C618-4B5E-8D09-2E0E2D8E2500}.Release|Any CPU.ActiveCfg = Release|Any CPU
		{4DDCCF7A-C618-4B5E-8D09-2E0E2D8E2500}.Release|Any CPU.Build.0 = Release|Any CPU
	EndGlobalSection
EndGlobal
